
Microsoft Visual Studio Solution File, Format Version 12.00
# Visual Studio Version 17
VisualStudioVersion = 17.10.35122.118
MinimumVisualStudioVersion = 10.0.40219.1
Project("{2150E333-8FDC-42A3-9474-1A3956D46DE8}") = "_SolutionItems", "_SolutionItems", "{3A216A38-4A73-4FC3-B275-5A13F1ECA61F}"
	ProjectSection(SolutionItems) = preProject
		CHANGELOG.md = CHANGELOG.md
		README.md = README.md
		README_en.md = README_en.md
	EndProjectSection
EndProject
Project("{2150E333-8FDC-42A3-9474-1A3956D46DE8}") = "src", "src", "{5F3E6B29-8A88-4F5A-BF43-8A2D4117A494}"
EndProject
Project("{2150E333-8FDC-42A3-9474-1A3956D46DE8}") = "test", "test", "{A8F6DC35-BD39-4426-833A-A7461A0F10A9}"
EndProject
Project("{9A19103F-16F7-4668-BE54-9A1E7A4F7556}") = "DependencyInjection.StaticAccessor", "src\DependencyInjection.StaticAccessor\DependencyInjection.StaticAccessor.csproj", "{FECB34B0-0306-4ED1-8FB9-B4A0AECDFB67}"
EndProject
Project("{9A19103F-16F7-4668-BE54-9A1E7A4F7556}") = "DependencyInjection.StaticAccessor.Hosting", "src\DependencyInjection.StaticAccessor.Hosting\DependencyInjection.StaticAccessor.Hosting.csproj", "{90E821FD-71F2-4476-95F5-3D465E528476}"
EndProject
Project("{2150E333-8FDC-42A3-9474-1A3956D46DE8}") = "TestAssemblies", "TestAssemblies", "{2911DB71-33F1-499F-9D2A-53E3794D58F4}"
EndProject
Project("{9A19103F-16F7-4668-BE54-9A1E7A4F7556}") = "GenericHost", "test\TestAssemblies\GenericHost\GenericHost.csproj", "{B0290C64-2668-4172-8AA6-CB7A382D70B3}"
EndProject
Project("{9A19103F-16F7-4668-BE54-9A1E7A4F7556}") = "CommonLib", "test\TestAssemblies\CommonLib\CommonLib.csproj", "{54FCA6AA-E886-431C-9BA4-E456B2749069}"
EndProject
Project("{9A19103F-16F7-4668-BE54-9A1E7A4F7556}") = "StaticAccessor.Tests", "test\StaticAccessor.Tests\StaticAccessor.Tests.csproj", "{9FBFBACF-C99D-4C06-B182-682F92DB1B5A}"
EndProject
Project("{9A19103F-16F7-4668-BE54-9A1E7A4F7556}") = "WebApiHost", "test\TestAssemblies\WebApiHost\WebApiHost.csproj", "{384DA1C2-A8D7-4959-BBA5-B87936238830}"
EndProject
Project("{FAE04EC0-301F-11D3-BF4B-00C04F79EFBC}") = "DependencyInjection.StaticAccessor.Blazor", "src\DependencyInjection.StaticAccessor.Blazor\DependencyInjection.StaticAccessor.Blazor.csproj", "{3007DBF3-B92A-4983-A6E5-7D8009E4BDA2}"
EndProject
Project("{FAE04EC0-301F-11D3-BF4B-00C04F79EFBC}") = "DependencyInjection.StaticAccessor.Blazor.WebAssembly", "src\DependencyInjection.StaticAccessor.Blazor.WebAssembly\DependencyInjection.StaticAccessor.Blazor.WebAssembly.csproj", "{E0821748-4799-4E61-B659-2B242E48A1A8}"
EndProject
Project("{D954291E-2A0B-460D-934E-DC6B0785DB48}") = "DependencyInjection.StaticAccessor.Blazor.Shared", "src\DependencyInjection.StaticAccessor.Blazor.Shared\DependencyInjection.StaticAccessor.Blazor.Shared.shproj", "{899A7400-738E-49AB-A046-582692B6B640}"
EndProject
Global
	GlobalSection(SolutionConfigurationPlatforms) = preSolution
		Debug|Any CPU = Debug|Any CPU
		Release|Any CPU = Release|Any CPU
	EndGlobalSection
	GlobalSection(ProjectConfigurationPlatforms) = postSolution
		{FECB34B0-0306-4ED1-8FB9-B4A0AECDFB67}.Debug|Any CPU.ActiveCfg = Debug|Any CPU
		{FECB34B0-0306-4ED1-8FB9-B4A0AECDFB67}.Debug|Any CPU.Build.0 = Debug|Any CPU
		{FECB34B0-0306-4ED1-8FB9-B4A0AECDFB67}.Release|Any CPU.ActiveCfg = Release|Any CPU
		{FECB34B0-0306-4ED1-8FB9-B4A0AECDFB67}.Release|Any CPU.Build.0 = Release|Any CPU
		{90E821FD-71F2-4476-95F5-3D465E528476}.Debug|Any CPU.ActiveCfg = Debug|Any CPU
		{90E821FD-71F2-4476-95F5-3D465E528476}.Debug|Any CPU.Build.0 = Debug|Any CPU
		{90E821FD-71F2-4476-95F5-3D465E528476}.Release|Any CPU.ActiveCfg = Release|Any CPU
		{90E821FD-71F2-4476-95F5-3D465E528476}.Release|Any CPU.Build.0 = Release|Any CPU
		{B0290C64-2668-4172-8AA6-CB7A382D70B3}.Debug|Any CPU.ActiveCfg = Debug|Any CPU
		{B0290C64-2668-4172-8AA6-CB7A382D70B3}.Debug|Any CPU.Build.0 = Debug|Any CPU
		{B0290C64-2668-4172-8AA6-CB7A382D70B3}.Release|Any CPU.ActiveCfg = Release|Any CPU
		{B0290C64-2668-4172-8AA6-CB7A382D70B3}.Release|Any CPU.Build.0 = Release|Any CPU
		{54FCA6AA-E886-431C-9BA4-E456B2749069}.Debug|Any CPU.ActiveCfg = Debug|Any CPU
		{54FCA6AA-E886-431C-9BA4-E456B2749069}.Debug|Any CPU.Build.0 = Debug|Any CPU
		{54FCA6AA-E886-431C-9BA4-E456B2749069}.Release|Any CPU.ActiveCfg = Release|Any CPU
		{54FCA6AA-E886-431C-9BA4-E456B2749069}.Release|Any CPU.Build.0 = Release|Any CPU
		{9FBFBACF-C99D-4C06-B182-682F92DB1B5A}.Debug|Any CPU.ActiveCfg = Debug|Any CPU
		{9FBFBACF-C99D-4C06-B182-682F92DB1B5A}.Debug|Any CPU.Build.0 = Debug|Any CPU
		{9FBFBACF-C99D-4C06-B182-682F92DB1B5A}.Release|Any CPU.ActiveCfg = Release|Any CPU
		{9FBFBACF-C99D-4C06-B182-682F92DB1B5A}.Release|Any CPU.Build.0 = Release|Any CPU
		{384DA1C2-A8D7-4959-BBA5-B87936238830}.Debug|Any CPU.ActiveCfg = Debug|Any CPU
		{384DA1C2-A8D7-4959-BBA5-B87936238830}.Debug|Any CPU.Build.0 = Debug|Any CPU
		{384DA1C2-A8D7-4959-BBA5-B87936238830}.Release|Any CPU.ActiveCfg = Release|Any CPU
		{384DA1C2-A8D7-4959-BBA5-B87936238830}.Release|Any CPU.Build.0 = Release|Any CPU
		{3007DBF3-B92A-4983-A6E5-7D8009E4BDA2}.Debug|Any CPU.ActiveCfg = Debug|Any CPU
		{3007DBF3-B92A-4983-A6E5-7D8009E4BDA2}.Debug|Any CPU.Build.0 = Debug|Any CPU
		{3007DBF3-B92A-4983-A6E5-7D8009E4BDA2}.Release|Any CPU.ActiveCfg = Release|Any CPU
		{3007DBF3-B92A-4983-A6E5-7D8009E4BDA2}.Release|Any CPU.Build.0 = Release|Any CPU
		{E0821748-4799-4E61-B659-2B242E48A1A8}.Debug|Any CPU.ActiveCfg = Debug|Any CPU
		{E0821748-4799-4E61-B659-2B242E48A1A8}.Debug|Any CPU.Build.0 = Debug|Any CPU
		{E0821748-4799-4E61-B659-2B242E48A1A8}.Release|Any CPU.ActiveCfg = Release|Any CPU
		{E0821748-4799-4E61-B659-2B242E48A1A8}.Release|Any CPU.Build.0 = Release|Any CPU
	EndGlobalSection
	GlobalSection(SolutionProperties) = preSolution
		HideSolutionNode = FALSE
	EndGlobalSection
	GlobalSection(NestedProjects) = preSolution
		{FECB34B0-0306-4ED1-8FB9-B4A0AECDFB67} = {5F3E6B29-8A88-4F5A-BF43-8A2D4117A494}
		{90E821FD-71F2-4476-95F5-3D465E528476} = {5F3E6B29-8A88-4F5A-BF43-8A2D4117A494}
		{2911DB71-33F1-499F-9D2A-53E3794D58F4} = {A8F6DC35-BD39-4426-833A-A7461A0F10A9}
		{B0290C64-2668-4172-8AA6-CB7A382D70B3} = {2911DB71-33F1-499F-9D2A-53E3794D58F4}
		{54FCA6AA-E886-431C-9BA4-E456B2749069} = {2911DB71-33F1-499F-9D2A-53E3794D58F4}
		{9FBFBACF-C99D-4C06-B182-682F92DB1B5A} = {A8F6DC35-BD39-4426-833A-A7461A0F10A9}
		{384DA1C2-A8D7-4959-BBA5-B87936238830} = {2911DB71-33F1-499F-9D2A-53E3794D58F4}
		{3007DBF3-B92A-4983-A6E5-7D8009E4BDA2} = {5F3E6B29-8A88-4F5A-BF43-8A2D4117A494}
		{E0821748-4799-4E61-B659-2B242E48A1A8} = {5F3E6B29-8A88-4F5A-BF43-8A2D4117A494}
		{899A7400-738E-49AB-A046-582692B6B640} = {5F3E6B29-8A88-4F5A-BF43-8A2D4117A494}
	EndGlobalSection
	GlobalSection(ExtensibilityGlobals) = postSolution
		SolutionGuid = {12E30C92-0641-41CA-B835-ED3595378DD6}
	EndGlobalSection
	GlobalSection(SharedMSBuildProjectFiles) = preSolution
		src\DependencyInjection.StaticAccessor.Blazor.Shared\DependencyInjection.StaticAccessor.Blazor.Shared.projitems*{3007dbf3-b92a-4983-a6e5-7d8009e4bda2}*SharedItemsImports = 5
		src\DependencyInjection.StaticAccessor.Blazor.Shared\DependencyInjection.StaticAccessor.Blazor.Shared.projitems*{899a7400-738e-49ab-a046-582692b6b640}*SharedItemsImports = 13
		src\DependencyInjection.StaticAccessor.Blazor.Shared\DependencyInjection.StaticAccessor.Blazor.Shared.projitems*{e0821748-4799-4e61-b659-2b242e48a1a8}*SharedItemsImports = 5
	EndGlobalSection
EndGlobal
